// !$*UTF8*$!
{
	archiveVersion = 1;
	classes = {
	};
	objectVersion = 56;
	objects = {

/* Begin PBXBuildFile section */
		0A17879628D506FF000F3256 /* Models.swift in Sources */ = {isa = PBXBuildFile; fileRef = 0A17879528D506FF000F3256 /* Models.swift */; };
		0A4A07BA28D2838E00CEA320 /* TestApp.swift in Sources */ = {isa = PBXBuildFile; fileRef = 0A4A07B928D2838E00CEA320 /* TestApp.swift */; };
		0A4A07BC28D2838E00CEA320 /* HomeView.swift in Sources */ = {isa = PBXBuildFile; fileRef = 0A4A07BB28D2838E00CEA320 /* HomeView.swift */; };
		0A4A07BE28D2838F00CEA320 /* Assets.xcassets in Resources */ = {isa = PBXBuildFile; fileRef = 0A4A07BD28D2838F00CEA320 /* Assets.xcassets */; };
		0A4A07C128D2838F00CEA320 /* Preview Assets.xcassets in Resources */ = {isa = PBXBuildFile; fileRef = 0A4A07C028D2838F00CEA320 /* Preview Assets.xcassets */; };
		0A6140A528D3673F001CDA9C /* MainTabBarView.swift in Sources */ = {isa = PBXBuildFile; fileRef = 0A6140A428D3673F001CDA9C /* MainTabBarView.swift */; };
		0A6140B128D37BC3001CDA9C /* DownloadsView.swift in Sources */ = {isa = PBXBuildFile; fileRef = 0A6140B028D37BC3001CDA9C /* DownloadsView.swift */; };
		0A6140B328D39657001CDA9C /* FindView.swift in Sources */ = {isa = PBXBuildFile; fileRef = 0A6140B228D39657001CDA9C /* FindView.swift */; };
		0A6140B628D3A637001CDA9C /* DetailView.swift in Sources */ = {isa = PBXBuildFile; fileRef = 0A6140B528D3A637001CDA9C /* DetailView.swift */; };
/* End PBXBuildFile section */

/* Begin PBXFileReference section */
		0A17879528D506FF000F3256 /* Models.swift */ = {isa = PBXFileReference; lastKnownFileType = sourcecode.swift; path = Models.swift; sourceTree = "<group>"; };
		0A4A07B628D2838E00CEA320 /* Test.app */ = {isa = PBXFileReference; explicitFileType = wrapper.application; includeInIndex = 0; path = Test.app; sourceTree = BUILT_PRODUCTS_DIR; };
		0A4A07B928D2838E00CEA320 /* TestApp.swift */ = {isa = PBXFileReference; lastKnownFileType = sourcecode.swift; path = TestApp.swift; sourceTree = "<group>"; };
		0A4A07BB28D2838E00CEA320 /* HomeView.swift */ = {isa = PBXFileReference; lastKnownFileType = sourcecode.swift; path = HomeView.swift; sourceTree = "<group>"; };
		0A4A07BD28D2838F00CEA320 /* Assets.xcassets */ = {isa = PBXFileReference; lastKnownFileType = folder.assetcatalog; path = Assets.xcassets; sourceTree = "<group>"; };
		0A4A07C028D2838F00CEA320 /* Preview Assets.xcassets */ = {isa = PBXFileReference; lastKnownFileType = folder.assetcatalog; path = "Preview Assets.xcassets"; sourceTree = "<group>"; };
		0A6140A428D3673F001CDA9C /* MainTabBarView.swift */ = {isa = PBXFileReference; lastKnownFileType = sourcecode.swift; path = MainTabBarView.swift; sourceTree = "<group>"; };
		0A6140B028D37BC3001CDA9C /* DownloadsView.swift */ = {isa = PBXFileReference; lastKnownFileType = sourcecode.swift; path = DownloadsView.swift; sourceTree = "<group>"; };
		0A6140B228D39657001CDA9C /* FindView.swift */ = {isa = PBXFileReference; lastKnownFileType = sourcecode.swift; path = FindView.swift; sourceTree = "<group>"; };
		0A6140B528D3A637001CDA9C /* DetailView.swift */ = {isa = PBXFileReference; lastKnownFileType = sourcecode.swift; path = DetailView.swift; sourceTree = "<group>"; };
/* End PBXFileReference section */

/* Begin PBXFrameworksBuildPhase section */
		0A4A07B328D2838E00CEA320 /* Frameworks */ = {
			isa = PBXFrameworksBuildPhase;
			buildActionMask = 2147483647;
			files = (
			);
			runOnlyForDeploymentPostprocessing = 0;
		};
/* End PBXFrameworksBuildPhase section */

/* Begin PBXGroup section */
		0A4A07AD28D2838E00CEA320 = {
			isa = PBXGroup;
			children = (
				0A4A07B828D2838E00CEA320 /* Test */,
				0A4A07B728D2838E00CEA320 /* Products */,
			);
			sourceTree = "<group>";
		};
		0A4A07B728D2838E00CEA320 /* Products */ = {
			isa = PBXGroup;
			children = (
				0A4A07B628D2838E00CEA320 /* Test.app */,
			);
			name = Products;
			sourceTree = "<group>";
		};
		0A4A07B828D2838E00CEA320 /* Test */ = {
			isa = PBXGroup;
			children = (
				0A6140AA28D37B40001CDA9C /* Resources */,
				0A6140A928D37B38001CDA9C /* Model */,
				0A6140A828D37B34001CDA9C /* Core */,
				0A4A07BF28D2838F00CEA320 /* Preview Content */,
			);
			path = Test;
			sourceTree = "<group>";
		};
		0A4A07BF28D2838F00CEA320 /* Preview Content */ = {
			isa = PBXGroup;
			children = (
				0A4A07C028D2838F00CEA320 /* Preview Assets.xcassets */,
			);
			path = "Preview Content";
			sourceTree = "<group>";
		};
		0A6140A828D37B34001CDA9C /* Core */ = {
			isa = PBXGroup;
			children = (
				0A6140B428D3A62A001CDA9C /* Detail */,
				0A6140AC28D37B5F001CDA9C /* TabBar */,
				0A6140AF28D37BB6001CDA9C /* Profile */,
				0A6140AE28D37BB2001CDA9C /* Find */,
				0A6140AD28D37BAC001CDA9C /* Downloads */,
				0A6140AB28D37B4B001CDA9C /* Home */,
			);
			path = Core;
			sourceTree = "<group>";
		};
		0A6140A928D37B38001CDA9C /* Model */ = {
			isa = PBXGroup;
			children = (
				0A17879528D506FF000F3256 /* Models.swift */,
			);
			path = Model;
			sourceTree = "<group>";
		};
		0A6140AA28D37B40001CDA9C /* Resources */ = {
			isa = PBXGroup;
			children = (
				0A4A07B928D2838E00CEA320 /* TestApp.swift */,
				0A4A07BD28D2838F00CEA320 /* Assets.xcassets */,
			);
			path = Resources;
			sourceTree = "<group>";
		};
		0A6140AB28D37B4B001CDA9C /* Home */ = {
			isa = PBXGroup;
			children = (
				0A4A07BB28D2838E00CEA320 /* HomeView.swift */,
			);
			path = Home;
			sourceTree = "<group>";
		};
		0A6140AC28D37B5F001CDA9C /* TabBar */ = {
			isa = PBXGroup;
			children = (
				0A6140A428D3673F001CDA9C /* MainTabBarView.swift */,
			);
			path = TabBar;
			sourceTree = "<group>";
		};
		0A6140AD28D37BAC001CDA9C /* Downloads */ = {
			isa = PBXGroup;
			children = (
				0A6140B028D37BC3001CDA9C /* DownloadsView.swift */,
			);
			path = Downloads;
			sourceTree = "<group>";
		};
		0A6140AE28D37BB2001CDA9C /* Find */ = {
			isa = PBXGroup;
			children = (
				0A6140B228D39657001CDA9C /* FindView.swift */,
			);
			path = Find;
			sourceTree = "<group>";
		};
		0A6140AF28D37BB6001CDA9C /* Profile */ = {
			isa = PBXGroup;
			children = (
			);
			path = Profile;
			sourceTree = "<group>";
		};
		0A6140B428D3A62A001CDA9C /* Detail */ = {
			isa = PBXGroup;
			children = (
				0A6140B528D3A637001CDA9C /* DetailView.swift */,
			);
			path = Detail;
			sourceTree = "<group>";
		};
/* End PBXGroup section */

/* Begin PBXNativeTarget section */
		0A4A07B528D2838E00CEA320 /* Test */ = {
			isa = PBXNativeTarget;
			buildConfigurationList = 0A4A07C428D2838F00CEA320 /* Build configuration list for PBXNativeTarget "Test" */;
			buildPhases = (
				0A4A07B228D2838E00CEA320 /* Sources */,
				0A4A07B328D2838E00CEA320 /* Frameworks */,
				0A4A07B428D2838E00CEA320 /* Resources */,
			);
			buildRules = (
			);
			dependencies = (
			);
			name = Test;
			productName = Test;
			productReference = 0A4A07B628D2838E00CEA320 /* Test.app */;
			productType = "com.apple.product-type.application";
		};
/* End PBXNativeTarget section */

/* Begin PBXProject section */
		0A4A07AE28D2838E00CEA320 /* Project object */ = {
			isa = PBXProject;
			attributes = {
				BuildIndependentTargetsInParallel = 1;
				LastSwiftUpdateCheck = 1400;
				LastUpgradeCheck = 1400;
				TargetAttributes = {
					0A4A07B528D2838E00CEA320 = {
						CreatedOnToolsVersion = 14.0;
					};
				};
			};
			buildConfigurationList = 0A4A07B128D2838E00CEA320 /* Build configuration list for PBXProject "Test" */;
			compatibilityVersion = "Xcode 14.0";
			developmentRegion = en;
			hasScannedForEncodings = 0;
			knownRegions = (
				en,
				Base,
			);
			mainGroup = 0A4A07AD28D2838E00CEA320;
			productRefGroup = 0A4A07B728D2838E00CEA320 /* Products */;
			projectDirPath = "";
			projectRoot = "";
			targets = (
				0A4A07B528D2838E00CEA320 /* Test */,
			);
		};
/* End PBXProject section */

/* Begin PBXResourcesBuildPhase section */
		0A4A07B428D2838E00CEA320 /* Resources */ = {
			isa = PBXResourcesBuildPhase;
			buildActionMask = 2147483647;
			files = (
				0A4A07C128D2838F00CEA320 /* Preview Assets.xcassets in Resources */,
				0A4A07BE28D2838F00CEA320 /* Assets.xcassets in Resources */,
			);
			runOnlyForDeploymentPostprocessing = 0;
		};
/* End PBXResourcesBuildPhase section */

/* Begin PBXSourcesBuildPhase section */
		0A4A07B228D2838E00CEA320 /* Sources */ = {
			isa = PBXSourcesBuildPhase;
			buildActionMask = 2147483647;
			files = (
				0A6140B328D39657001CDA9C /* FindView.swift in Sources */,
				0A6140B628D3A637001CDA9C /* DetailView.swift in Sources */,
				0A6140B128D37BC3001CDA9C /* DownloadsView.swift in Sources */,
				0A4A07BC28D2838E00CEA320 /* HomeView.swift in Sources */,
				0A6140A528D3673F001CDA9C /* MainTabBarView.swift in Sources */,
				0A4A07BA28D2838E00CEA320 /* TestApp.swift in Sources */,
				0A17879628D506FF000F3256 /* Models.swift in Sources */,
			);
			runOnlyForDeploymentPostprocessing = 0;
		};
/* End PBXSourcesBuildPhase section */

/* Begin XCBuildConfiguration section */
		0A4A07C228D2838F00CEA320 /* Debug */ = {
			isa = XCBuildConfiguration;
			buildSettings = {
				ALWAYS_SEARCH_USER_PATHS = NO;
				CLANG_ANALYZER_NONNULL = YES;
				CLANG_ANALYZER_NUMBER_OBJECT_CONVERSION = YES_AGGRESSIVE;
				CLANG_CXX_LANGUAGE_STANDARD = "gnu++20";
				CLANG_ENABLE_MODULES = YES;
				CLANG_ENABLE_OBJC_ARC = YES;
				CLANG_ENABLE_OBJC_WEAK = YES;
				CLANG_WARN_BLOCK_CAPTURE_AUTORELEASING = YES;
				CLANG_WARN_BOOL_CONVERSION = YES;
				CLANG_WARN_COMMA = YES;
				CLANG_WARN_CONSTANT_CONVERSION = YES;
				CLANG_WARN_DEPRECATED_OBJC_IMPLEMENTATIONS = YES;
				CLANG_WARN_DIRECT_OBJC_ISA_USAGE = YES_ERROR;
				CLANG_WARN_DOCUMENTATION_COMMENTS = YES;
				CLANG_WARN_EMPTY_BODY = YES;
				CLANG_WARN_ENUM_CONVERSION = YES;
				CLANG_WARN_INFINITE_RECURSION = YES;
				CLANG_WARN_INT_CONVERSION = YES;
				CLANG_WARN_NON_LITERAL_NULL_CONVERSION = YES;
				CLANG_WARN_OBJC_IMPLICIT_RETAIN_SELF = YES;
				CLANG_WARN_OBJC_LITERAL_CONVERSION = YES;
				CLANG_WARN_OBJC_ROOT_CLASS = YES_ERROR;
				CLANG_WARN_QUOTED_INCLUDE_IN_FRAMEWORK_HEADER = YES;
				CLANG_WARN_RANGE_LOOP_ANALYSIS = YES;
				CLANG_WARN_STRICT_PROTOTYPES = YES;
				CLANG_WARN_SUSPICIOUS_MOVE = YES;
				CLANG_WARN_UNGUARDED_AVAILABILITY = YES_AGGRESSIVE;
				CLANG_WARN_UNREACHABLE_CODE = YES;
				CLANG_WARN__DUPLICATE_METHOD_MATCH = YES;
				COPY_PHASE_STRIP = NO;
				DEBUG_INFORMATION_FORMAT = dwarf;
				ENABLE_STRICT_OBJC_MSGSEND = YES;
				ENABLE_TESTABILITY = YES;
				GCC_C_LANGUAGE_STANDARD = gnu11;
				GCC_DYNAMIC_NO_PIC = NO;
				GCC_NO_COMMON_BLOCKS = YES;
				GCC_OPTIMIZATION_LEVEL = 0;
				GCC_PREPROCESSOR_DEFINITIONS = (
					"DEBUG=1",
					"$(inherited)",
				);
				GCC_WARN_64_TO_32_BIT_CONVERSION = YES;
				GCC_WARN_ABOUT_RETURN_TYPE = YES_ERROR;
				GCC_WARN_UNDECLARED_SELECTOR = YES;
				GCC_WARN_UNINITIALIZED_AUTOS = YES_AGGRESSIVE;
				GCC_WARN_UNUSED_FUNCTION = YES;
				GCC_WARN_UNUSED_VARIABLE = YES;
				IPHONEOS_DEPLOYMENT_TARGET = 16.0;
				MTL_ENABLE_DEBUG_INFO = INCLUDE_SOURCE;
				MTL_FAST_MATH = YES;
				ONLY_ACTIVE_ARCH = YES;
				SDKROOT = iphoneos;
				SWIFT_ACTIVE_COMPILATION_CONDITIONS = DEBUG;
				SWIFT_OPTIMIZATION_LEVEL = "-Onone";
			};
			name = Debug;
		};
		0A4A07C328D2838F00CEA320 /* Release */ = {
			isa = XCBuildConfiguration;
			buildSettings = {
				ALWAYS_SEARCH_USER_PATHS = NO;
				CLANG_ANALYZER_NONNULL = YES;
				CLANG_ANALYZER_NUMBER_OBJECT_CONVERSION = YES_AGGRESSIVE;
				CLANG_CXX_LANGUAGE_STANDARD = "gnu++20";
				CLANG_ENABLE_MODULES = YES;
				CLANG_ENABLE_OBJC_ARC = YES;
				CLANG_ENABLE_OBJC_WEAK = YES;
				CLANG_WARN_BLOCK_CAPTURE_AUTORELEASING = YES;
				CLANG_WARN_BOOL_CONVERSION = YES;
				CLANG_WARN_COMMA = YES;
				CLANG_WARN_CONSTANT_CONVERSION = YES;
				CLANG_WARN_DEPRECATED_OBJC_IMPLEMENTATIONS = YES;
				CLANG_WARN_DIRECT_OBJC_ISA_USAGE = YES_ERROR;
				CLANG_WARN_DOCUMENTATION_COMMENTS = YES;
				CLANG_WARN_EMPTY_BODY = YES;
				CLANG_WARN_ENUM_CONVERSION = YES;
				CLANG_WARN_INFINITE_RECURSION = YES;
				CLANG_WARN_INT_CONVERSION = YES;
				CLANG_WARN_NON_LITERAL_NULL_CONVERSION = YES;
				CLANG_WARN_OBJC_IMPLICIT_RETAIN_SELF = YES;
				CLANG_WARN_OBJC_LITERAL_CONVERSION = YES;
				CLANG_WARN_OBJC_ROOT_CLASS = YES_ERROR;
				CLANG_WARN_QUOTED_INCLUDE_IN_FRAMEWORK_HEADER = YES;
				CLANG_WARN_RANGE_LOOP_ANALYSIS = YES;
				CLANG_WARN_STRICT_PROTOTYPES = YES;
				CLANG_WARN_SUSPICIOUS_MOVE = YES;
				CLANG_WARN_UNGUARDED_AVAILABILITY = YES_AGGRESSIVE;
				CLANG_WARN_UNREACHABLE_CODE = YES;
				CLANG_WARN__DUPLICATE_METHOD_MATCH = YES;
				COPY_PHASE_STRIP = NO;
				DEBUG_INFORMATION_FORMAT = "dwarf-with-dsym";
				ENABLE_NS_ASSERTIONS = NO;
				ENABLE_STRICT_OBJC_MSGSEND = YES;
				GCC_C_LANGUAGE_STANDARD = gnu11;
				GCC_NO_COMMON_BLOCKS = YES;
				GCC_WARN_64_TO_32_BIT_CONVERSION = YES;
				GCC_WARN_ABOUT_RETURN_TYPE = YES_ERROR;
				GCC_WARN_UNDECLARED_SELECTOR = YES;
				GCC_WARN_UNINITIALIZED_AUTOS = YES_AGGRESSIVE;
				GCC_WARN_UNUSED_FUNCTION = YES;
				GCC_WARN_UNUSED_VARIABLE = YES;
				IPHONEOS_DEPLOYMENT_TARGET = 16.0;
				MTL_ENABLE_DEBUG_INFO = NO;
				MTL_FAST_MATH = YES;
				SDKROOT = iphoneos;
				SWIFT_COMPILATION_MODE = wholemodule;
				SWIFT_OPTIMIZATION_LEVEL = "-O";
				VALIDATE_PRODUCT = YES;
			};
			name = Release;
		};
		0A4A07C528D2838F00CEA320 /* Debug */ = {
			isa = XCBuildConfiguration;
			buildSettings = {
				ASSETCATALOG_COMPILER_APPICON_NAME = AppIcon;
				ASSETCATALOG_COMPILER_GLOBAL_ACCENT_COLOR_NAME = AccentColor;
				CODE_SIGN_STYLE = Automatic;
				CURRENT_PROJECT_VERSION = 1;
				DEVELOPMENT_ASSET_PATHS = "\"Test/Preview Content\"";
				DEVELOPMENT_TEAM = HJ3CX8Z5MV;
				ENABLE_PREVIEWS = YES;
				GENERATE_INFOPLIST_FILE = YES;
				INFOPLIST_KEY_UIApplicationSceneManifest_Generation = YES;
				INFOPLIST_KEY_UIApplicationSupportsIndirectInputEvents = YES;
				INFOPLIST_KEY_UILaunchScreen_Generation = YES;
				INFOPLIST_KEY_UISupportedInterfaceOrientations_iPad = "UIInterfaceOrientationPortrait UIInterfaceOrientationPortraitUpsideDown UIInterfaceOrientationLandscapeLeft UIInterfaceOrientationLandscapeRight";
				INFOPLIST_KEY_UISupportedInterfaceOrientations_iPhone = "UIInterfaceOrientationPortrait UIInterfaceOrientationLandscapeLeft UIInterfaceOrientationLandscapeRight";
				LD_RUNPATH_SEARCH_PATHS = (
					"$(inherited)",
					"@executable_path/Frameworks",
				);
				MARKETING_VERSION = 1.0;
				PRODUCT_BUNDLE_IDENTIFIER = com.boraerdem.Test;
				PRODUCT_NAME = "$(TARGET_NAME)";
				SWIFT_EMIT_LOC_STRINGS = YES;
				SWIFT_VERSION = 5.0;
				TARGETED_DEVICE_FAMILY = "1,2";
			};
			name = Debug;
		};
		0A4A07C628D2838F00CEA320 /* Release */ = {
			isa = XCBuildConfiguration;
			buildSettings = {
				ASSETCATALOG_COMPILER_APPICON_NAME = AppIcon;
				ASSETCATALOG_COMPILER_GLOBAL_ACCENT_COLOR_NAME = AccentColor;
				CODE_SIGN_STYLE = Automatic;
				CURRENT_PROJECT_VERSION = 1;
				DEVELOPMENT_ASSET_PATHS = "\"Test/Preview Content\"";
				DEVELOPMENT_TEAM = HJ3CX8Z5MV;
				ENABLE_PREVIEWS = YES;
				GENERATE_INFOPLIST_FILE = YES;
				INFOPLIST_KEY_UIApplicationSceneManifest_Generation = YES;
				INFOPLIST_KEY_UIApplicationSupportsIndirectInputEvents = YES;
				INFOPLIST_KEY_UILaunchScreen_Generation = YES;
				INFOPLIST_KEY_UISupportedInterfaceOrientations_iPad = "UIInterfaceOrientationPortrait UIInterfaceOrientationPortraitUpsideDown UIInterfaceOrientationLandscapeLeft UIInterfaceOrientationLandscapeRight";
				INFOPLIST_KEY_UISupportedInterfaceOrientations_iPhone = "UIInterfaceOrientationPortrait UIInterfaceOrientationLandscapeLeft UIInterfaceOrientationLandscapeRight";
				LD_RUNPATH_SEARCH_PATHS = (
					"$(inherited)",
					"@executable_path/Frameworks",
				);
				MARKETING_VERSION = 1.0;
				PRODUCT_BUNDLE_IDENTIFIER = com.boraerdem.Test;
				PRODUCT_NAME = "$(TARGET_NAME)";
				SWIFT_EMIT_LOC_STRINGS = YES;
				SWIFT_VERSION = 5.0;
				TARGETED_DEVICE_FAMILY = "1,2";
			};
			name = Release;
		};
/* End XCBuildConfiguration section */

/* Begin XCConfigurationList section */
		0A4A07B128D2838E00CEA320 /* Build configuration list for PBXProject "Test" */ = {
			isa = XCConfigurationList;
			buildConfigurations = (
				0A4A07C228D2838F00CEA320 /* Debug */,
				0A4A07C328D2838F00CEA320 /* Release */,
			);
			defaultConfigurationIsVisible = 0;
			defaultConfigurationName = Release;
		};
		0A4A07C428D2838F00CEA320 /* Build configuration list for PBXNativeTarget "Test" */ = {
			isa = XCConfigurationList;
			buildConfigurations = (
				0A4A07C528D2838F00CEA320 /* Debug */,
				0A4A07C628D2838F00CEA320 /* Release */,
			);
			defaultConfigurationIsVisible = 0;
			defaultConfigurationName = Release;
		};
/* End XCConfigurationList section */
	};
	rootObject = 0A4A07AE28D2838E00CEA320 /* Project object */;
}
